
Microsoft Visual Studio Solution File, Format Version 12.00
# Visual Studio 2013
VisualStudioVersion = 12.0.31101.0
MinimumVisualStudioVersion = 10.0.40219.1
Project("{FAE04EC0-301F-11D3-BF4B-00C04F79EFBC}") = "plmOS.Auth.Windows.Debug", "plmOS.Auth.Windows.Debug.csproj", "{D9CD8BB4-A7E4-4FA4-96CD-5B3CF3BE879F}"
EndProject
Project("{FAE04EC0-301F-11D3-BF4B-00C04F79EFBC}") = "plmOS.Auth", "..\..\Auth\plmOS.Auth\plmOS.Auth.csproj", "{7975D9DA-95CB-404C-96D5-4A219BB3C31E}"
EndProject
Project("{FAE04EC0-301F-11D3-BF4B-00C04F79EFBC}") = "plmOS.Auth.Windows", "..\plmOS.Auth.Windows\plmOS.Auth.Windows.csproj", "{E8985F58-9A3D-478F-AFFF-4BD2A931151A}"
EndProject
Global
	GlobalSection(SolutionConfigurationPlatforms) = preSolution
		Debug|Any CPU = Debug|Any CPU
		Release|Any CPU = Release|Any CPU
	EndGlobalSection
	GlobalSection(ProjectConfigurationPlatforms) = postSolution
		{D9CD8BB4-A7E4-4FA4-96CD-5B3CF3BE879F}.Debug|Any CPU.ActiveCfg = Debug|Any CPU
		{D9CD8BB4-A7E4-4FA4-96CD-5B3CF3BE879F}.Debug|Any CPU.Build.0 = Debug|Any CPU
		{D9CD8BB4-A7E4-4FA4-96CD-5B3CF3BE879F}.Release|Any CPU.ActiveCfg = Release|Any CPU
		{D9CD8BB4-A7E4-4FA4-96CD-5B3CF3BE879F}.Release|Any CPU.Build.0 = Release|Any CPU
		{7975D9DA-95CB-404C-96D5-4A219BB3C31E}.Debug|Any CPU.ActiveCfg = Debug|Any CPU
		{7975D9DA-95CB-404C-96D5-4A219BB3C31E}.Debug|Any CPU.Build.0 = Debug|Any CPU
		{7975D9DA-95CB-404C-96D5-4A219BB3C31E}.Release|Any CPU.ActiveCfg = Release|Any CPU
		{7975D9DA-95CB-404C-96D5-4A219BB3C31E}.Release|Any CPU.Build.0 = Release|Any CPU
		{E8985F58-9A3D-478F-AFFF-4BD2A931151A}.Debug|Any CPU.ActiveCfg = Debug|Any CPU
		{E8985F58-9A3D-478F-AFFF-4BD2A931151A}.Debug|Any CPU.Build.0 = Debug|Any CPU
		{E8985F58-9A3D-478F-AFFF-4BD2A931151A}.Release|Any CPU.ActiveCfg = Release|Any CPU
		{E8985F58-9A3D-478F-AFFF-4BD2A931151A}.Release|Any CPU.Build.0 = Release|Any CPU
	EndGlobalSection
	GlobalSection(SolutionProperties) = preSolution
		HideSolutionNode = FALSE
	EndGlobalSection
EndGlobal
